
Microsoft Visual Studio Solution File, Format Version 12.00
# Visual Studio 15
VisualStudioVersion = 15.0.27130.2010
MinimumVisualStudioVersion = 10.0.40219.1
Project("{FAE04EC0-301F-11D3-BF4B-00C04F79EFBC}") = "W1", "W1\W1.csproj", "{E4993700-728C-49E3-AD8F-268AD77346FD}"
EndProject
Global
	GlobalSection(SolutionConfigurationPlatforms) = preSolution
		Debug|Any CPU = Debug|Any CPU
		Release|Any CPU = Release|Any CPU
	EndGlobalSection
	GlobalSection(ProjectConfigurationPlatforms) = postSolution
		{E4993700-728C-49E3-AD8F-268AD77346FD}.Debug|Any CPU.ActiveCfg = Debug|Any CPU
		{E4993700-728C-49E3-AD8F-268AD77346FD}.Debug|Any CPU.Build.0 = Debug|Any CPU
		{E4993700-728C-49E3-AD8F-268AD77346FD}.Release|Any CPU.ActiveCfg = Release|Any CPU
		{E4993700-728C-49E3-AD8F-268AD77346FD}.Release|Any CPU.Build.0 = Release|Any CPU
	EndGlobalSection
	GlobalSection(SolutionProperties) = preSolution
		HideSolutionNode = FALSE
	EndGlobalSection
	GlobalSection(ExtensibilityGlobals) = postSolution
		SolutionGuid = {87DAB0D4-76A5-4C7D-A36F-93A580611B1C}
	EndGlobalSection
EndGlobal
